# This file was autogenerated by Stack.
# You should not edit this file by hand.
# For more information, please see the documentation at:
#   https://docs.haskellstack.org/en/stable/lock_files

packages:
- completed:
    size: 7690
    url: https://github.com/tarquin-the-brave/tasty-laws/archive/9a9dc5ef7967b60ac18dcbd9714b9a45c81904c2.tar.gz
    name: tasty-laws
    version: 0.3.2
    sha256: 76bcb9eb24515652cdc26f721e8a09ca43b9d0083209dcb811552850855ca37d
    pantry-tree:
      size: 1009
      sha256: e3963f7573ad9d72cb7f14e2a1126f61f9dde58f575133c50147dcd34bc770fb
  original:
    url: https://github.com/tarquin-the-brave/tasty-laws/archive/9a9dc5ef7967b60ac18dcbd9714b9a45c81904c2.tar.gz
- completed:
    size: 5181
    url: https://github.com/tarquin-the-brave/laws/archive/d4c3e6156e237b38ee2f45979daabbcb8589f1a4.tar.gz
    name: laws
    version: 0.4.1
    sha256: 2991d0510e9a8f102c345b3bc114cae1d27b2fda980c837fd7e831f958eda88f
    pantry-tree:
      size: 824
      sha256: e53c4d1b0657d7c1f6d64adddcb9780426b85626e211cb68c7ede8d052bf2fb0
  original:
    url: https://github.com/tarquin-the-brave/laws/archive/d4c3e6156e237b38ee2f45979daabbcb8589f1a4.tar.gz
- completed:
    size: 5966
    url: https://github.com/tarquin-the-brave/tasty-dumbcheck/archive/685832220cbef8a0bb3a740234087827c73a701e.tar.gz
    name: tasty-dumbcheck
    version: 0.1.1
    sha256: 2c0d11416c04b034cc0b3faa588e48d5a1008caf87ab202fd4bd3061c6b8272d
    pantry-tree:
      size: 810
      sha256: 0dc54e9fdadffd92369f398250af157df7add94e20fd3012731ab98333443db7
  original:
    url: https://github.com/tarquin-the-brave/tasty-dumbcheck/archive/685832220cbef8a0bb3a740234087827c73a701e.tar.gz
snapshots:
- completed:
    size: 492015
    url: https://raw.githubusercontent.com/commercialhaskell/stackage-snapshots/master/lts/15/8.yaml
    sha256: 926bc3d70249dd0ba05277ff00943c0addb35b627cb641752669e7cf771310d0
  original: lts-15.8
